PODS:
  - Alamofire (5.10.2)
  - HealthKitBridge (0.1.0):
    - PryvSwiftKit
  - PromisesObjC (2.4.0)
  - PromisesSwift (2.4.0):
    - PromisesObjC (= 2.4.0)
  - PryvSwiftKit (2.1.1):
    - Alamofire
    - PromisesSwift
    - Socket.IO-Client-Swift
  - Socket.IO-Client-Swift (16.0.1):
    - Starscream (~> 4.0)
  - Starscream (4.0.4)

DEPENDENCIES:
  - HealthKitBridge (from `./`)
  - PryvSwiftKit (from `https://github.com/pryv/lib-swift.git`, branch `master`)

SPEC REPOS:
  https://github.com/CocoaPods/Specs.git:
    - Alamofire
    - PromisesObjC
    - PromisesSwift
    - Socket.IO-Client-Swift
    - Starscream

EXTERNAL SOURCES:
  HealthKitBridge:
    :path: "./"
  PryvSwiftKit:
    :branch: master
    :git: https://github.com/pryv/lib-swift.git

CHECKOUT OPTIONS:
  PryvSwiftKit:
    :commit: cbf578334e8735992dfd35e42dfcbe03501abe50
    :git: https://github.com/pryv/lib-swift.git

SPEC CHECKSUMS:
  Alamofire: 7193b3b92c74a07f85569e1a6c4f4237291e7496
  HealthKitBridge: 81002f17f6ed7f82f53c67bd187eed9470d60422
  PromisesObjC: f5707f49cb48b9636751c5b2e7d227e43fba9f47
  PromisesSwift: 9d77319bbe72ebf6d872900551f7eeba9bce2851
  PryvSwiftKit: f35747ac55aa9d4fff09a4b4a6b56204dda24465
  Socket.IO-Client-Swift: c116d6dc9fd6be9c259bacfe143f8725bce7d79e
  Starscream: 5178aed56b316f13fa3bc55694e583d35dd414d9

PODFILE CHECKSUM: 6194f4a3c8f5f98a046cf42dda19f0c82913dab9

COCOAPODS: 1.16.2
